
Microsoft Visual Studio Solution File, Format Version 12.00
# Visual Studio Version 17
VisualStudioVersion = 17.1.32328.378
MinimumVisualStudioVersion = 10.0.40219.1
Project("{FAE04EC0-301F-11D3-BF4B-00C04F79EFBC}") = "CCMDataBrodCast", "CCMDataBrodCast\CCMDataBrodCast.csproj", "{616B31F0-881C-4BAD-8992-3370E4964172}"
EndProject
Project("{FAE04EC0-301F-11D3-BF4B-00C04F79EFBC}") = "CCMDataCapture", "CCMDataCapture\CCMDataCapture.csproj", "{D0A33FFB-95CA-4751-B34F-28E4A54535BF}"
EndProject
Project("{FAE04EC0-301F-11D3-BF4B-00C04F79EFBC}") = "uct_Weight_wpf", "uct_Weight_wpf\uct_Weight_wpf.csproj", "{9764D549-6E0F-4724-9284-62AC428A39A2}"
EndProject
Project("{FAE04EC0-301F-11D3-BF4B-00C04F79EFBC}") = "CCMDataWriter", "CCMDataWriter\CCMDataWriter.csproj", "{2CDCA41A-325A-4E3D-825A-5DC52E9AC6CA}"
EndProject
Project("{FAE04EC0-301F-11D3-BF4B-00C04F79EFBC}") = "CCMAutoMail", "CCMAutoMail\CCMAutoMail.csproj", "{1150AD63-BC78-4CDA-9F24-316B81334256}"
EndProject
Project("{FAE04EC0-301F-11D3-BF4B-00C04F79EFBC}") = "CCMNetworkMon", "CCMNetworkMon\CCMNetworkMon.csproj", "{AB547512-8591-4292-A406-1124BF60C0CC}"
EndProject
Project("{FAE04EC0-301F-11D3-BF4B-00C04F79EFBC}") = "uct_main_wpf", "uct_mainscreen_wpf\uct_main_wpf.csproj", "{8EEB2B7A-99D2-4D08-AA57-54AD2DC48711}"
EndProject
Project("{FAE04EC0-301F-11D3-BF4B-00C04F79EFBC}") = "ccmModBus", "ccmModBus\ccmModBus.csproj", "{29D13C52-4A59-4075-BB31-4FF887B182FF}"
EndProject
Global
	GlobalSection(SolutionConfigurationPlatforms) = preSolution
		CD_ROM|Any CPU = CD_ROM|Any CPU
		CD_ROM|Mixed Platforms = CD_ROM|Mixed Platforms
		CD_ROM|x86 = CD_ROM|x86
		Debug|Any CPU = Debug|Any CPU
		Debug|Mixed Platforms = Debug|Mixed Platforms
		Debug|x86 = Debug|x86
		DVD-5|Any CPU = DVD-5|Any CPU
		DVD-5|Mixed Platforms = DVD-5|Mixed Platforms
		DVD-5|x86 = DVD-5|x86
		Release|Any CPU = Release|Any CPU
		Release|Mixed Platforms = Release|Mixed Platforms
		Release|x86 = Release|x86
		SingleImage|Any CPU = SingleImage|Any CPU
		SingleImage|Mixed Platforms = SingleImage|Mixed Platforms
		SingleImage|x86 = SingleImage|x86
	EndGlobalSection
	GlobalSection(ProjectConfigurationPlatforms) = postSolution
		{616B31F0-881C-4BAD-8992-3370E4964172}.CD_ROM|Any CPU.ActiveCfg = Release|Any CPU
		{616B31F0-881C-4BAD-8992-3370E4964172}.CD_ROM|Any CPU.Build.0 = Release|Any CPU
		{616B31F0-881C-4BAD-8992-3370E4964172}.CD_ROM|Mixed Platforms.ActiveCfg = Release|Any CPU
		{616B31F0-881C-4BAD-8992-3370E4964172}.CD_ROM|Mixed Platforms.Build.0 = Release|Any CPU
		{616B31F0-881C-4BAD-8992-3370E4964172}.CD_ROM|x86.ActiveCfg = Release|Any CPU
		{616B31F0-881C-4BAD-8992-3370E4964172}.Debug|Any CPU.ActiveCfg = Debug|Any CPU
		{616B31F0-881C-4BAD-8992-3370E4964172}.Debug|Any CPU.Build.0 = Debug|Any CPU
		{616B31F0-881C-4BAD-8992-3370E4964172}.Debug|Mixed Platforms.ActiveCfg = Debug|Any CPU
		{616B31F0-881C-4BAD-8992-3370E4964172}.Debug|Mixed Platforms.Build.0 = Debug|Any CPU
		{616B31F0-881C-4BAD-8992-3370E4964172}.Debug|x86.ActiveCfg = Debug|Any CPU
		{616B31F0-881C-4BAD-8992-3370E4964172}.DVD-5|Any CPU.ActiveCfg = Debug|Any CPU
		{616B31F0-881C-4BAD-8992-3370E4964172}.DVD-5|Any CPU.Build.0 = Debug|Any CPU
		{616B31F0-881C-4BAD-8992-3370E4964172}.DVD-5|Mixed Platforms.ActiveCfg = Debug|Any CPU
		{616B31F0-881C-4BAD-8992-3370E4964172}.DVD-5|Mixed Platforms.Build.0 = Debug|Any CPU
		{616B31F0-881C-4BAD-8992-3370E4964172}.DVD-5|x86.ActiveCfg = Debug|Any CPU
		{616B31F0-881C-4BAD-8992-3370E4964172}.Release|Any CPU.ActiveCfg = Release|Any CPU
		{616B31F0-881C-4BAD-8992-3370E4964172}.Release|Any CPU.Build.0 = Release|Any CPU
		{616B31F0-881C-4BAD-8992-3370E4964172}.Release|Mixed Platforms.ActiveCfg = Release|Any CPU
		{616B31F0-881C-4BAD-8992-3370E4964172}.Release|Mixed Platforms.Build.0 = Release|Any CPU
		{616B31F0-881C-4BAD-8992-3370E4964172}.Release|x86.ActiveCfg = Release|Any CPU
		{616B31F0-881C-4BAD-8992-3370E4964172}.SingleImage|Any CPU.ActiveCfg = Release|Any CPU
		{616B31F0-881C-4BAD-8992-3370E4964172}.SingleImage|Any CPU.Build.0 = Release|Any CPU
		{616B31F0-881C-4BAD-8992-3370E4964172}.SingleImage|Mixed Platforms.ActiveCfg = Release|Any CPU
		{616B31F0-881C-4BAD-8992-3370E4964172}.SingleImage|Mixed Platforms.Build.0 = Release|Any CPU
		{616B31F0-881C-4BAD-8992-3370E4964172}.SingleImage|x86.ActiveCfg = Release|Any CPU
		{D0A33FFB-95CA-4751-B34F-28E4A54535BF}.CD_ROM|Any CPU.ActiveCfg = Release|x86
		{D0A33FFB-95CA-4751-B34F-28E4A54535BF}.CD_ROM|Mixed Platforms.ActiveCfg = Release|x86
		{D0A33FFB-95CA-4751-B34F-28E4A54535BF}.CD_ROM|Mixed Platforms.Build.0 = Release|x86
		{D0A33FFB-95CA-4751-B34F-28E4A54535BF}.CD_ROM|x86.ActiveCfg = Release|x86
		{D0A33FFB-95CA-4751-B34F-28E4A54535BF}.CD_ROM|x86.Build.0 = Release|x86
		{D0A33FFB-95CA-4751-B34F-28E4A54535BF}.Debug|Any CPU.ActiveCfg = Release|x86
		{D0A33FFB-95CA-4751-B34F-28E4A54535BF}.Debug|Any CPU.Build.0 = Release|x86
		{D0A33FFB-95CA-4751-B34F-28E4A54535BF}.Debug|Mixed Platforms.ActiveCfg = Debug|x86
		{D0A33FFB-95CA-4751-B34F-28E4A54535BF}.Debug|Mixed Platforms.Build.0 = Debug|x86
		{D0A33FFB-95CA-4751-B34F-28E4A54535BF}.Debug|x86.ActiveCfg = Debug|x86
		{D0A33FFB-95CA-4751-B34F-28E4A54535BF}.Debug|x86.Build.0 = Debug|x86
		{D0A33FFB-95CA-4751-B34F-28E4A54535BF}.DVD-5|Any CPU.ActiveCfg = Debug|x86
		{D0A33FFB-95CA-4751-B34F-28E4A54535BF}.DVD-5|Mixed Platforms.ActiveCfg = Debug|x86
		{D0A33FFB-95CA-4751-B34F-28E4A54535BF}.DVD-5|Mixed Platforms.Build.0 = Debug|x86
		{D0A33FFB-95CA-4751-B34F-28E4A54535BF}.DVD-5|x86.ActiveCfg = Debug|x86
		{D0A33FFB-95CA-4751-B34F-28E4A54535BF}.DVD-5|x86.Build.0 = Debug|x86
		{D0A33FFB-95CA-4751-B34F-28E4A54535BF}.Release|Any CPU.ActiveCfg = Release|x86
		{D0A33FFB-95CA-4751-B34F-28E4A54535BF}.Release|Any CPU.Build.0 = Release|x86
		{D0A33FFB-95CA-4751-B34F-28E4A54535BF}.Release|Mixed Platforms.ActiveCfg = Release|x86
		{D0A33FFB-95CA-4751-B34F-28E4A54535BF}.Release|Mixed Platforms.Build.0 = Release|x86
		{D0A33FFB-95CA-4751-B34F-28E4A54535BF}.Release|x86.ActiveCfg = Release|x86
		{D0A33FFB-95CA-4751-B34F-28E4A54535BF}.Release|x86.Build.0 = Release|x86
		{D0A33FFB-95CA-4751-B34F-28E4A54535BF}.SingleImage|Any CPU.ActiveCfg = Release|x86
		{D0A33FFB-95CA-4751-B34F-28E4A54535BF}.SingleImage|Mixed Platforms.ActiveCfg = Release|x86
		{D0A33FFB-95CA-4751-B34F-28E4A54535BF}.SingleImage|Mixed Platforms.Build.0 = Release|x86
		{D0A33FFB-95CA-4751-B34F-28E4A54535BF}.SingleImage|x86.ActiveCfg = Release|x86
		{D0A33FFB-95CA-4751-B34F-28E4A54535BF}.SingleImage|x86.Build.0 = Release|x86
		{9764D549-6E0F-4724-9284-62AC428A39A2}.CD_ROM|Any CPU.ActiveCfg = Release|Any CPU
		{9764D549-6E0F-4724-9284-62AC428A39A2}.CD_ROM|Any CPU.Build.0 = Release|Any CPU
		{9764D549-6E0F-4724-9284-62AC428A39A2}.CD_ROM|Mixed Platforms.ActiveCfg = Release|Any CPU
		{9764D549-6E0F-4724-9284-62AC428A39A2}.CD_ROM|Mixed Platforms.Build.0 = Release|Any CPU
		{9764D549-6E0F-4724-9284-62AC428A39A2}.CD_ROM|x86.ActiveCfg = Release|Any CPU
		{9764D549-6E0F-4724-9284-62AC428A39A2}.Debug|Any CPU.ActiveCfg = Debug|Any CPU
		{9764D549-6E0F-4724-9284-62AC428A39A2}.Debug|Any CPU.Build.0 = Debug|Any CPU
		{9764D549-6E0F-4724-9284-62AC428A39A2}.Debug|Mixed Platforms.ActiveCfg = Debug|Any CPU
		{9764D549-6E0F-4724-9284-62AC428A39A2}.Debug|Mixed Platforms.Build.0 = Debug|Any CPU
		{9764D549-6E0F-4724-9284-62AC428A39A2}.Debug|x86.ActiveCfg = Debug|Any CPU
		{9764D549-6E0F-4724-9284-62AC428A39A2}.DVD-5|Any CPU.ActiveCfg = Debug|Any CPU
		{9764D549-6E0F-4724-9284-62AC428A39A2}.DVD-5|Any CPU.Build.0 = Debug|Any CPU
		{9764D549-6E0F-4724-9284-62AC428A39A2}.DVD-5|Mixed Platforms.ActiveCfg = Debug|Any CPU
		{9764D549-6E0F-4724-9284-62AC428A39A2}.DVD-5|Mixed Platforms.Build.0 = Debug|Any CPU
		{9764D549-6E0F-4724-9284-62AC428A39A2}.DVD-5|x86.ActiveCfg = Debug|Any CPU
		{9764D549-6E0F-4724-9284-62AC428A39A2}.Release|Any CPU.ActiveCfg = Release|Any CPU
		{9764D549-6E0F-4724-9284-62AC428A39A2}.Release|Any CPU.Build.0 = Release|Any CPU
		{9764D549-6E0F-4724-9284-62AC428A39A2}.Release|Mixed Platforms.ActiveCfg = Release|Any CPU
		{9764D549-6E0F-4724-9284-62AC428A39A2}.Release|Mixed Platforms.Build.0 = Release|Any CPU
		{9764D549-6E0F-4724-9284-62AC428A39A2}.Release|x86.ActiveCfg = Release|Any CPU
		{9764D549-6E0F-4724-9284-62AC428A39A2}.SingleImage|Any CPU.ActiveCfg = Release|Any CPU
		{9764D549-6E0F-4724-9284-62AC428A39A2}.SingleImage|Any CPU.Build.0 = Release|Any CPU
		{9764D549-6E0F-4724-9284-62AC428A39A2}.SingleImage|Mixed Platforms.ActiveCfg = Release|Any CPU
		{9764D549-6E0F-4724-9284-62AC428A39A2}.SingleImage|Mixed Platforms.Build.0 = Release|Any CPU
		{9764D549-6E0F-4724-9284-62AC428A39A2}.SingleImage|x86.ActiveCfg = Release|Any CPU
		{2CDCA41A-325A-4E3D-825A-5DC52E9AC6CA}.CD_ROM|Any CPU.ActiveCfg = Release|Any CPU
		{2CDCA41A-325A-4E3D-825A-5DC52E9AC6CA}.CD_ROM|Any CPU.Build.0 = Release|Any CPU
		{2CDCA41A-325A-4E3D-825A-5DC52E9AC6CA}.CD_ROM|Mixed Platforms.ActiveCfg = Release|Any CPU
		{2CDCA41A-325A-4E3D-825A-5DC52E9AC6CA}.CD_ROM|Mixed Platforms.Build.0 = Release|Any CPU
		{2CDCA41A-325A-4E3D-825A-5DC52E9AC6CA}.CD_ROM|x86.ActiveCfg = Release|Any CPU
		{2CDCA41A-325A-4E3D-825A-5DC52E9AC6CA}.Debug|Any CPU.ActiveCfg = Debug|Any CPU
		{2CDCA41A-325A-4E3D-825A-5DC52E9AC6CA}.Debug|Any CPU.Build.0 = Debug|Any CPU
		{2CDCA41A-325A-4E3D-825A-5DC52E9AC6CA}.Debug|Mixed Platforms.ActiveCfg = Debug|Any CPU
		{2CDCA41A-325A-4E3D-825A-5DC52E9AC6CA}.Debug|Mixed Platforms.Build.0 = Debug|Any CPU
		{2CDCA41A-325A-4E3D-825A-5DC52E9AC6CA}.Debug|x86.ActiveCfg = Debug|Any CPU
		{2CDCA41A-325A-4E3D-825A-5DC52E9AC6CA}.DVD-5|Any CPU.ActiveCfg = Debug|Any CPU
		{2CDCA41A-325A-4E3D-825A-5DC52E9AC6CA}.DVD-5|Any CPU.Build.0 = Debug|Any CPU
		{2CDCA41A-325A-4E3D-825A-5DC52E9AC6CA}.DVD-5|Mixed Platforms.ActiveCfg = Debug|Any CPU
		{2CDCA41A-325A-4E3D-825A-5DC52E9AC6CA}.DVD-5|Mixed Platforms.Build.0 = Debug|Any CPU
		{2CDCA41A-325A-4E3D-825A-5DC52E9AC6CA}.DVD-5|x86.ActiveCfg = Debug|Any CPU
		{2CDCA41A-325A-4E3D-825A-5DC52E9AC6CA}.Release|Any CPU.ActiveCfg = Release|Any CPU
		{2CDCA41A-325A-4E3D-825A-5DC52E9AC6CA}.Release|Any CPU.Build.0 = Release|Any CPU
		{2CDCA41A-325A-4E3D-825A-5DC52E9AC6CA}.Release|Mixed Platforms.ActiveCfg = Release|Any CPU
		{2CDCA41A-325A-4E3D-825A-5DC52E9AC6CA}.Release|Mixed Platforms.Build.0 = Release|Any CPU
		{2CDCA41A-325A-4E3D-825A-5DC52E9AC6CA}.Release|x86.ActiveCfg = Release|Any CPU
		{2CDCA41A-325A-4E3D-825A-5DC52E9AC6CA}.SingleImage|Any CPU.ActiveCfg = Release|Any CPU
		{2CDCA41A-325A-4E3D-825A-5DC52E9AC6CA}.SingleImage|Any CPU.Build.0 = Release|Any CPU
		{2CDCA41A-325A-4E3D-825A-5DC52E9AC6CA}.SingleImage|Mixed Platforms.ActiveCfg = Release|Any CPU
		{2CDCA41A-325A-4E3D-825A-5DC52E9AC6CA}.SingleImage|Mixed Platforms.Build.0 = Release|Any CPU
		{2CDCA41A-325A-4E3D-825A-5DC52E9AC6CA}.SingleImage|x86.ActiveCfg = Release|Any CPU
		{1150AD63-BC78-4CDA-9F24-316B81334256}.CD_ROM|Any CPU.ActiveCfg = Release|Any CPU
		{1150AD63-BC78-4CDA-9F24-316B81334256}.CD_ROM|Any CPU.Build.0 = Release|Any CPU
		{1150AD63-BC78-4CDA-9F24-316B81334256}.CD_ROM|Mixed Platforms.ActiveCfg = Release|Any CPU
		{1150AD63-BC78-4CDA-9F24-316B81334256}.CD_ROM|Mixed Platforms.Build.0 = Release|Any CPU
		{1150AD63-BC78-4CDA-9F24-316B81334256}.CD_ROM|x86.ActiveCfg = Release|Any CPU
		{1150AD63-BC78-4CDA-9F24-316B81334256}.Debug|Any CPU.ActiveCfg = Debug|Any CPU
		{1150AD63-BC78-4CDA-9F24-316B81334256}.Debug|Any CPU.Build.0 = Debug|Any CPU
		{1150AD63-BC78-4CDA-9F24-316B81334256}.Debug|Mixed Platforms.ActiveCfg = Debug|Any CPU
		{1150AD63-BC78-4CDA-9F24-316B81334256}.Debug|Mixed Platforms.Build.0 = Debug|Any CPU
		{1150AD63-BC78-4CDA-9F24-316B81334256}.Debug|x86.ActiveCfg = Debug|Any CPU
		{1150AD63-BC78-4CDA-9F24-316B81334256}.DVD-5|Any CPU.ActiveCfg = Debug|Any CPU
		{1150AD63-BC78-4CDA-9F24-316B81334256}.DVD-5|Any CPU.Build.0 = Debug|Any CPU
		{1150AD63-BC78-4CDA-9F24-316B81334256}.DVD-5|Mixed Platforms.ActiveCfg = Debug|Any CPU
		{1150AD63-BC78-4CDA-9F24-316B81334256}.DVD-5|Mixed Platforms.Build.0 = Debug|Any CPU
		{1150AD63-BC78-4CDA-9F24-316B81334256}.DVD-5|x86.ActiveCfg = Debug|Any CPU
		{1150AD63-BC78-4CDA-9F24-316B81334256}.Release|Any CPU.ActiveCfg = Release|Any CPU
		{1150AD63-BC78-4CDA-9F24-316B81334256}.Release|Any CPU.Build.0 = Release|Any CPU
		{1150AD63-BC78-4CDA-9F24-316B81334256}.Release|Mixed Platforms.ActiveCfg = Release|Any CPU
		{1150AD63-BC78-4CDA-9F24-316B81334256}.Release|Mixed Platforms.Build.0 = Release|Any CPU
		{1150AD63-BC78-4CDA-9F24-316B81334256}.Release|x86.ActiveCfg = Release|Any CPU
		{1150AD63-BC78-4CDA-9F24-316B81334256}.SingleImage|Any CPU.ActiveCfg = Release|Any CPU
		{1150AD63-BC78-4CDA-9F24-316B81334256}.SingleImage|Any CPU.Build.0 = Release|Any CPU
		{1150AD63-BC78-4CDA-9F24-316B81334256}.SingleImage|Mixed Platforms.ActiveCfg = Release|Any CPU
		{1150AD63-BC78-4CDA-9F24-316B81334256}.SingleImage|Mixed Platforms.Build.0 = Release|Any CPU
		{1150AD63-BC78-4CDA-9F24-316B81334256}.SingleImage|x86.ActiveCfg = Release|Any CPU
		{AB547512-8591-4292-A406-1124BF60C0CC}.CD_ROM|Any CPU.ActiveCfg = Release|Any CPU
		{AB547512-8591-4292-A406-1124BF60C0CC}.CD_ROM|Any CPU.Build.0 = Release|Any CPU
		{AB547512-8591-4292-A406-1124BF60C0CC}.CD_ROM|Mixed Platforms.ActiveCfg = Release|Any CPU
		{AB547512-8591-4292-A406-1124BF60C0CC}.CD_ROM|Mixed Platforms.Build.0 = Release|Any CPU
		{AB547512-8591-4292-A406-1124BF60C0CC}.CD_ROM|x86.ActiveCfg = Release|Any CPU
		{AB547512-8591-4292-A406-1124BF60C0CC}.Debug|Any CPU.ActiveCfg = Debug|Any CPU
		{AB547512-8591-4292-A406-1124BF60C0CC}.Debug|Any CPU.Build.0 = Debug|Any CPU
		{AB547512-8591-4292-A406-1124BF60C0CC}.Debug|Mixed Platforms.ActiveCfg = Debug|Any CPU
		{AB547512-8591-4292-A406-1124BF60C0CC}.Debug|Mixed Platforms.Build.0 = Debug|Any CPU
		{AB547512-8591-4292-A406-1124BF60C0CC}.Debug|x86.ActiveCfg = Debug|Any CPU
		{AB547512-8591-4292-A406-1124BF60C0CC}.DVD-5|Any CPU.ActiveCfg = Debug|Any CPU
		{AB547512-8591-4292-A406-1124BF60C0CC}.DVD-5|Any CPU.Build.0 = Debug|Any CPU
		{AB547512-8591-4292-A406-1124BF60C0CC}.DVD-5|Mixed Platforms.ActiveCfg = Debug|Any CPU
		{AB547512-8591-4292-A406-1124BF60C0CC}.DVD-5|Mixed Platforms.Build.0 = Debug|Any CPU
		{AB547512-8591-4292-A406-1124BF60C0CC}.DVD-5|x86.ActiveCfg = Debug|Any CPU
		{AB547512-8591-4292-A406-1124BF60C0CC}.Release|Any CPU.ActiveCfg = Release|Any CPU
		{AB547512-8591-4292-A406-1124BF60C0CC}.Release|Any CPU.Build.0 = Release|Any CPU
		{AB547512-8591-4292-A406-1124BF60C0CC}.Release|Mixed Platforms.ActiveCfg = Release|Any CPU
		{AB547512-8591-4292-A406-1124BF60C0CC}.Release|Mixed Platforms.Build.0 = Release|Any CPU
		{AB547512-8591-4292-A406-1124BF60C0CC}.Release|x86.ActiveCfg = Release|Any CPU
		{AB547512-8591-4292-A406-1124BF60C0CC}.SingleImage|Any CPU.ActiveCfg = Release|Any CPU
		{AB547512-8591-4292-A406-1124BF60C0CC}.SingleImage|Any CPU.Build.0 = Release|Any CPU
		{AB547512-8591-4292-A406-1124BF60C0CC}.SingleImage|Mixed Platforms.ActiveCfg = Release|Any CPU
		{AB547512-8591-4292-A406-1124BF60C0CC}.SingleImage|Mixed Platforms.Build.0 = Release|Any CPU
		{AB547512-8591-4292-A406-1124BF60C0CC}.SingleImage|x86.ActiveCfg = Release|Any CPU
		{8EEB2B7A-99D2-4D08-AA57-54AD2DC48711}.CD_ROM|Any CPU.ActiveCfg = Debug|Any CPU
		{8EEB2B7A-99D2-4D08-AA57-54AD2DC48711}.CD_ROM|Any CPU.Build.0 = Debug|Any CPU
		{8EEB2B7A-99D2-4D08-AA57-54AD2DC48711}.CD_ROM|Mixed Platforms.ActiveCfg = Debug|Any CPU
		{8EEB2B7A-99D2-4D08-AA57-54AD2DC48711}.CD_ROM|Mixed Platforms.Build.0 = Debug|Any CPU
		{8EEB2B7A-99D2-4D08-AA57-54AD2DC48711}.CD_ROM|x86.ActiveCfg = Debug|Any CPU
		{8EEB2B7A-99D2-4D08-AA57-54AD2DC48711}.CD_ROM|x86.Build.0 = Debug|Any CPU
		{8EEB2B7A-99D2-4D08-AA57-54AD2DC48711}.Debug|Any CPU.ActiveCfg = Debug|Any CPU
		{8EEB2B7A-99D2-4D08-AA57-54AD2DC48711}.Debug|Any CPU.Build.0 = Debug|Any CPU
		{8EEB2B7A-99D2-4D08-AA57-54AD2DC48711}.Debug|Mixed Platforms.ActiveCfg = Debug|Any CPU
		{8EEB2B7A-99D2-4D08-AA57-54AD2DC48711}.Debug|Mixed Platforms.Build.0 = Debug|Any CPU
		{8EEB2B7A-99D2-4D08-AA57-54AD2DC48711}.Debug|x86.ActiveCfg = Debug|Any CPU
		{8EEB2B7A-99D2-4D08-AA57-54AD2DC48711}.Debug|x86.Build.0 = Debug|Any CPU
		{8EEB2B7A-99D2-4D08-AA57-54AD2DC48711}.DVD-5|Any CPU.ActiveCfg = Debug|Any CPU
		{8EEB2B7A-99D2-4D08-AA57-54AD2DC48711}.DVD-5|Any CPU.Build.0 = Debug|Any CPU
		{8EEB2B7A-99D2-4D08-AA57-54AD2DC48711}.DVD-5|Mixed Platforms.ActiveCfg = Debug|Any CPU
		{8EEB2B7A-99D2-4D08-AA57-54AD2DC48711}.DVD-5|Mixed Platforms.Build.0 = Debug|Any CPU
		{8EEB2B7A-99D2-4D08-AA57-54AD2DC48711}.DVD-5|x86.ActiveCfg = Debug|Any CPU
		{8EEB2B7A-99D2-4D08-AA57-54AD2DC48711}.DVD-5|x86.Build.0 = Debug|Any CPU
		{8EEB2B7A-99D2-4D08-AA57-54AD2DC48711}.Release|Any CPU.ActiveCfg = Release|Any CPU
		{8EEB2B7A-99D2-4D08-AA57-54AD2DC48711}.Release|Any CPU.Build.0 = Release|Any CPU
		{8EEB2B7A-99D2-4D08-AA57-54AD2DC48711}.Release|Mixed Platforms.ActiveCfg = Release|Any CPU
		{8EEB2B7A-99D2-4D08-AA57-54AD2DC48711}.Release|Mixed Platforms.Build.0 = Release|Any CPU
		{8EEB2B7A-99D2-4D08-AA57-54AD2DC48711}.Release|x86.ActiveCfg = Release|Any CPU
		{8EEB2B7A-99D2-4D08-AA57-54AD2DC48711}.Release|x86.Build.0 = Release|Any CPU
		{8EEB2B7A-99D2-4D08-AA57-54AD2DC48711}.SingleImage|Any CPU.ActiveCfg = Debug|Any CPU
		{8EEB2B7A-99D2-4D08-AA57-54AD2DC48711}.SingleImage|Any CPU.Build.0 = Debug|Any CPU
		{8EEB2B7A-99D2-4D08-AA57-54AD2DC48711}.SingleImage|Mixed Platforms.ActiveCfg = Debug|Any CPU
		{8EEB2B7A-99D2-4D08-AA57-54AD2DC48711}.SingleImage|Mixed Platforms.Build.0 = Debug|Any CPU
		{8EEB2B7A-99D2-4D08-AA57-54AD2DC48711}.SingleImage|x86.ActiveCfg = Debug|Any CPU
		{8EEB2B7A-99D2-4D08-AA57-54AD2DC48711}.SingleImage|x86.Build.0 = Debug|Any CPU
		{29D13C52-4A59-4075-BB31-4FF887B182FF}.CD_ROM|Any CPU.ActiveCfg = Debug|Any CPU
		{29D13C52-4A59-4075-BB31-4FF887B182FF}.CD_ROM|Any CPU.Build.0 = Debug|Any CPU
		{29D13C52-4A59-4075-BB31-4FF887B182FF}.CD_ROM|Mixed Platforms.ActiveCfg = Debug|Any CPU
		{29D13C52-4A59-4075-BB31-4FF887B182FF}.CD_ROM|Mixed Platforms.Build.0 = Debug|Any CPU
		{29D13C52-4A59-4075-BB31-4FF887B182FF}.CD_ROM|x86.ActiveCfg = Debug|Any CPU
		{29D13C52-4A59-4075-BB31-4FF887B182FF}.CD_ROM|x86.Build.0 = Debug|Any CPU
		{29D13C52-4A59-4075-BB31-4FF887B182FF}.Debug|Any CPU.ActiveCfg = Debug|Any CPU
		{29D13C52-4A59-4075-BB31-4FF887B182FF}.Debug|Any CPU.Build.0 = Debug|Any CPU
		{29D13C52-4A59-4075-BB31-4FF887B182FF}.Debug|Mixed Platforms.ActiveCfg = Debug|Any CPU
		{29D13C52-4A59-4075-BB31-4FF887B182FF}.Debug|Mixed Platforms.Build.0 = Debug|Any CPU
		{29D13C52-4A59-4075-BB31-4FF887B182FF}.Debug|x86.ActiveCfg = Debug|Any CPU
		{29D13C52-4A59-4075-BB31-4FF887B182FF}.Debug|x86.Build.0 = Debug|Any CPU
		{29D13C52-4A59-4075-BB31-4FF887B182FF}.DVD-5|Any CPU.ActiveCfg = Debug|Any CPU
		{29D13C52-4A59-4075-BB31-4FF887B182FF}.DVD-5|Any CPU.Build.0 = Debug|Any CPU
		{29D13C52-4A59-4075-BB31-4FF887B182FF}.DVD-5|Mixed Platforms.ActiveCfg = Debug|Any CPU
		{29D13C52-4A59-4075-BB31-4FF887B182FF}.DVD-5|Mixed Platforms.Build.0 = Debug|Any CPU
		{29D13C52-4A59-4075-BB31-4FF887B182FF}.DVD-5|x86.ActiveCfg = Debug|Any CPU
		{29D13C52-4A59-4075-BB31-4FF887B182FF}.DVD-5|x86.Build.0 = Debug|Any CPU
		{29D13C52-4A59-4075-BB31-4FF887B182FF}.Release|Any CPU.ActiveCfg = Release|Any CPU
		{29D13C52-4A59-4075-BB31-4FF887B182FF}.Release|Any CPU.Build.0 = Release|Any CPU
		{29D13C52-4A59-4075-BB31-4FF887B182FF}.Release|Mixed Platforms.ActiveCfg = Release|Any CPU
		{29D13C52-4A59-4075-BB31-4FF887B182FF}.Release|Mixed Platforms.Build.0 = Release|Any CPU
		{29D13C52-4A59-4075-BB31-4FF887B182FF}.Release|x86.ActiveCfg = Release|Any CPU
		{29D13C52-4A59-4075-BB31-4FF887B182FF}.Release|x86.Build.0 = Release|Any CPU
		{29D13C52-4A59-4075-BB31-4FF887B182FF}.SingleImage|Any CPU.ActiveCfg = Debug|Any CPU
		{29D13C52-4A59-4075-BB31-4FF887B182FF}.SingleImage|Any CPU.Build.0 = Debug|Any CPU
		{29D13C52-4A59-4075-BB31-4FF887B182FF}.SingleImage|Mixed Platforms.ActiveCfg = Debug|Any CPU
		{29D13C52-4A59-4075-BB31-4FF887B182FF}.SingleImage|Mixed Platforms.Build.0 = Debug|Any CPU
		{29D13C52-4A59-4075-BB31-4FF887B182FF}.SingleImage|x86.ActiveCfg = Debug|Any CPU
		{29D13C52-4A59-4075-BB31-4FF887B182FF}.SingleImage|x86.Build.0 = Debug|Any CPU
	EndGlobalSection
	GlobalSection(SolutionProperties) = preSolution
		HideSolutionNode = FALSE
	EndGlobalSection
	GlobalSection(ExtensibilityGlobals) = postSolution
		SolutionGuid = {CE4CAD49-C33C-42E2-8C65-2641889FC6E0}
	EndGlobalSection
EndGlobal
